
Microsoft Visual Studio Solution File, Format Version 12.00
# Visual Studio Version 17
VisualStudioVersion = 17.13.36105.23 d17.13
MinimumVisualStudioVersion = 10.0.40219.1
Project("{FAE04EC0-301F-11D3-BF4B-00C04F79EFBC}") = "LibraryWindowsFormsApp", "LibraryWindowsFormsApp\LibraryWindowsFormsApp.csproj", "{0AF3CF5C-E00B-4877-A60F-0459AB480284}"
EndProject
Global
	GlobalSection(SolutionConfigurationPlatforms) = preSolution
		Debug|Any CPU = Debug|Any CPU
		Release|Any CPU = Release|Any CPU
	EndGlobalSection
	GlobalSection(ProjectConfigurationPlatforms) = postSolution
		{0AF3CF5C-E00B-4877-A60F-0459AB480284}.Debug|Any CPU.ActiveCfg = Debug|Any CPU
		{0AF3CF5C-E00B-4877-A60F-0459AB480284}.Debug|Any CPU.Build.0 = Debug|Any CPU
		{0AF3CF5C-E00B-4877-A60F-0459AB480284}.Release|Any CPU.ActiveCfg = Release|Any CPU
		{0AF3CF5C-E00B-4877-A60F-0459AB480284}.Release|Any CPU.Build.0 = Release|Any CPU
	EndGlobalSection
	GlobalSection(SolutionProperties) = preSolution
		HideSolutionNode = FALSE
	EndGlobalSection
	GlobalSection(ExtensibilityGlobals) = postSolution
		SolutionGuid = {4BB7A56E-E6B4-4373-9DE5-23017937E633}
	EndGlobalSection
EndGlobal
